
Microsoft Visual Studio Solution File, Format Version 12.00
# Visual Studio 15
VisualStudioVersion = 15.0.27428.2037
MinimumVisualStudioVersion = 10.0.40219.1
Project("{FAE04EC0-301F-11D3-BF4B-00C04F79EFBC}") = "APayI", "APayI\APayI.csproj", "{8828D26B-F7F7-4215-9BD5-9E05738C7AFA}"
EndProject
Global
	GlobalSection(SolutionConfigurationPlatforms) = preSolution
		Debug|Any CPU = Debug|Any CPU
		Release|Any CPU = Release|Any CPU
	EndGlobalSection
	GlobalSection(ProjectConfigurationPlatforms) = postSolution
		{8828D26B-F7F7-4215-9BD5-9E05738C7AFA}.Debug|Any CPU.ActiveCfg = Debug|Any CPU
		{8828D26B-F7F7-4215-9BD5-9E05738C7AFA}.Debug|Any CPU.Build.0 = Debug|Any CPU
		{8828D26B-F7F7-4215-9BD5-9E05738C7AFA}.Release|Any CPU.ActiveCfg = Release|Any CPU
		{8828D26B-F7F7-4215-9BD5-9E05738C7AFA}.Release|Any CPU.Build.0 = Release|Any CPU
	EndGlobalSection
	GlobalSection(SolutionProperties) = preSolution
		HideSolutionNode = FALSE
	EndGlobalSection
	GlobalSection(ExtensibilityGlobals) = postSolution
		SolutionGuid = {B08C2685-310E-466E-8657-A31CF26CD2A2}
	EndGlobalSection
EndGlobal
